
Microsoft Visual Studio Solution File, Format Version 12.00
# Visual Studio 2012
Project("{FAE04EC0-301F-11D3-BF4B-00C04F79EFBC}") = "UtilityStore", "UtilityStore\UtilityStore.csproj", "{F611C9CD-05AA-4ADC-B48E-0E16402FC249}"
EndProject
Project("{FAE04EC0-301F-11D3-BF4B-00C04F79EFBC}") = "Cadastrovendas", "Cadastrovendas\Cadastrovendas.csproj", "{B235A032-FAE3-4C1F-B79D-93D598F8F883}"
EndProject
Global
	GlobalSection(SolutionConfigurationPlatforms) = preSolution
		Debug|Any CPU = Debug|Any CPU
		Release|Any CPU = Release|Any CPU
	EndGlobalSection
	GlobalSection(ProjectConfigurationPlatforms) = postSolution
		{F611C9CD-05AA-4ADC-B48E-0E16402FC249}.Debug|Any CPU.ActiveCfg = Debug|Any CPU
		{F611C9CD-05AA-4ADC-B48E-0E16402FC249}.Debug|Any CPU.Build.0 = Debug|Any CPU
		{F611C9CD-05AA-4ADC-B48E-0E16402FC249}.Release|Any CPU.ActiveCfg = Release|Any CPU
		{F611C9CD-05AA-4ADC-B48E-0E16402FC249}.Release|Any CPU.Build.0 = Release|Any CPU
		{B235A032-FAE3-4C1F-B79D-93D598F8F883}.Debug|Any CPU.ActiveCfg = Debug|Any CPU
		{B235A032-FAE3-4C1F-B79D-93D598F8F883}.Debug|Any CPU.Build.0 = Debug|Any CPU
		{B235A032-FAE3-4C1F-B79D-93D598F8F883}.Release|Any CPU.ActiveCfg = Release|Any CPU
		{B235A032-FAE3-4C1F-B79D-93D598F8F883}.Release|Any CPU.Build.0 = Release|Any CPU
	EndGlobalSection
	GlobalSection(SolutionProperties) = preSolution
		HideSolutionNode = FALSE
	EndGlobalSection
EndGlobal
